# This file is autogenerated, do not edit; changes may be undone by the next 'dep ensure'.


[[projects]]
  digest = "1:0d5fdcd4a963f5486979d53d72c7d784ced34836e3eba766977962c1e630fedd"
  name = "github.com/cenkalti/backoff"
  packages = ["."]
  pruneopts = "UT"
  revision = "b02f2bbce11d7ea6b97f282ef1771b0fe2f65ef3"

[[projects]]
  branch = "master"
  digest = "1:c5795a797f8d1b54d18bb1167ed3acb4d4a91046b7055ac707d45aadb28df2fa"
  name = "github.com/codegangsta/inject"
  packages = ["."]
  pruneopts = "UT"
  revision = "33e0aa1cb7c019ccc3fbe049a8262a6403d30504"

[[projects]]
  digest = "1:8449bc314fb2d96c3be9751c72959ea4763b152dd91d1e0e62d7869a50131da7"
  name = "github.com/dghubble/go-twitter"
  packages = ["twitter"]
  pruneopts = "UT"
  revision = "dfa33c3e148509026d246fb8b97fffc7093ea260"

[[projects]]
  digest = "1:ae929e7ac8d8d7f88025b1d6f6e46b2bf1471d17829cada9c5c102d9f5273897"
  name = "github.com/dghubble/oauth1"
  packages = ["."]
  pruneopts = "UT"
  revision = "67de46873d807fffa7cd47fdae2531e23a8e994c"

[[projects]]
  digest = "1:ace1aef6acdf2c4647365dc87c14fb8b71ed8bb0b3ae114ffb216614a24da219"
  name = "github.com/dghubble/sling"
  packages = ["."]
  pruneopts = "UT"
  revision = "eb56e89ac5088bebb12eef3cb4b293300f43608b"
  version = "v1.1.0"

[[projects]]
  digest = "1:1601cc317f4ea31a17527001b3d06e65a6c6654dcab3b1cd2c7669e4ec4ec3d6"
  name = "github.com/go-martini/martini"
  packages = ["."]
  pruneopts = "UT"
  revision = "fe605b5cd210047ae3bb73d2b69a5b912a9b423d"

[[projects]]
  digest = "1:0462ed1f3f429a22f99e78a717262e7a02bf9c9b212ea2d66664532a8d73b406"
  name = "github.com/google/go-querystring"
  packages = ["query"]
  pruneopts = "UT"
  revision = "9235644dd9e52eeae6fa48efd539fdc351a0af53"

[[projects]]
  digest = "1:83bae387d504c9d86a07f2a5f14a1d6335fb7a2550f3890fdb6a616245a04738"
  name = "github.com/influxdata/influxdb"
  packages = [
    "client/v2",
    "models",
    "pkg/escape",
  ]
  pruneopts = "UT"
  revision = "b6508348482eab126825855423c7aecb48a31813"

[[projects]]
  branch = "master"
  digest = "1:9b774ba49d1ba0fcbd64c39d1d389ca045633453b373bc034977d936965dfa87"
  name = "github.com/martini-contrib/render"
  packages = ["."]
  pruneopts = "UT"
  revision = "ec18f8345a1181146728238980606fb1d6f40e8c"

[[projects]]
  digest = "1:df63a8ddf6fd32f2cdf09db1ada151c8a27f5fe2516ee977b72d6a0707e94910"
  name = "github.com/oxtoacart/bpool"
  packages = ["."]
  pruneopts = "UT"
  revision = "4e1c5567d7c2dd59fa4c7c83d34c2f3528b025d6"

[[projects]]
  digest = "1:041166c169a282ba0a651bf107ac5395fef8b98fdca38cb3e4ed4cac15761c56"
  name = "golang.org/x/net"
  packages = ["context"]
  pruneopts = "UT"
  revision = "8fd7f25955530b92e73e9e1932a41b522b22ccd9"

[[projects]]
  digest = "1:b2c291624a2671256df69a028649e51fc3d266c956dc2c04d83b10d3c3f1ee1b"
  name = "gopkg.in/errgo.v1"
  packages = ["."]
  pruneopts = "UT"
  revision = "66cb46252b94c1f3d65646f54ee8043ab38d766c"

[solve-meta]
  analyzer-name = "dep"
  analyzer-version = 1
  input-imports = [
    "github.com/dghubble/go-twitter/twitter",
    "github.com/dghubble/oauth1",
    "github.com/go-martini/martini",
    "github.com/influxdata/influxdb/client/v2",
    "github.com/martini-contrib/render",
    "gopkg.in/errgo.v1",
  ]
  solver-name = "gps-cdcl"
  solver-version = 1
